// !$*UTF8*$!
{
	archiveVersion = 1;
	classes = {
	};
	objectVersion = 55;
	objects = {

/* Begin PBXBuildFile section */
		02BD14C5286B4B69009018D2 /* AppDelegate.m in Sources */ = {isa = PBXBuildFile; fileRef = 02BD14C4286B4B69009018D2 /* AppDelegate.m */; };
		02BD14C8286B4B69009018D2 /* SceneDelegate.m in Sources */ = {isa = PBXBuildFile; fileRef = 02BD14C7286B4B69009018D2 /* SceneDelegate.m */; };
		02BD14CB286B4B69009018D2 /* ViewController.m in Sources */ = {isa = PBXBuildFile; fileRef = 02BD14CA286B4B69009018D2 /* ViewController.m */; };
		02BD14CE286B4B69009018D2 /* Main.storyboard in Resources */ = {isa = PBXBuildFile; fileRef = 02BD14CC286B4B69009018D2 /* Main.storyboard */; };
		02BD14D0286B4B6A009018D2 /* Assets.xcassets in Resources */ = {isa = PBXBuildFile; fileRef = 02BD14CF286B4B6A009018D2 /* Assets.xcassets */; };
		02BD14D3286B4B6B009018D2 /* LaunchScreen.storyboard in Resources */ = {isa = PBXBuildFile; fileRef = 02BD14D1286B4B6B009018D2 /* LaunchScreen.storyboard */; };
		02BD14D6286B4B6B009018D2 /* main.m in Sources */ = {isa = PBXBuildFile; fileRef = 02BD14D5286B4B6B009018D2 /* main.m */; };
		02BD14E1286B7BF1009018D2 /* Brewery.m in Sources */ = {isa = PBXBuildFile; fileRef = 02BD14E0286B7BF1009018D2 /* Brewery.m */; };
/* End PBXBuildFile section */

/* Begin PBXFileReference section */
		02BD14C0286B4B69009018D2 /* BrewTew.app */ = {isa = PBXFileReference; explicitFileType = wrapper.application; includeInIndex = 0; path = BrewTew.app; sourceTree = BUILT_PRODUCTS_DIR; };
		02BD14C3286B4B69009018D2 /* AppDelegate.h */ = {isa = PBXFileReference; lastKnownFileType = sourcecode.c.h; path = AppDelegate.h; sourceTree = "<group>"; };
		02BD14C4286B4B69009018D2 /* AppDelegate.m */ = {isa = PBXFileReference; lastKnownFileType = sourcecode.c.objc; path = AppDelegate.m; sourceTree = "<group>"; };
		02BD14C6286B4B69009018D2 /* SceneDelegate.h */ = {isa = PBXFileReference; lastKnownFileType = sourcecode.c.h; path = SceneDelegate.h; sourceTree = "<group>"; };
		02BD14C7286B4B69009018D2 /* SceneDelegate.m */ = {isa = PBXFileReference; lastKnownFileType = sourcecode.c.objc; path = SceneDelegate.m; sourceTree = "<group>"; };
		02BD14C9286B4B69009018D2 /* ViewController.h */ = {isa = PBXFileReference; lastKnownFileType = sourcecode.c.h; path = ViewController.h; sourceTree = "<group>"; };
		02BD14CA286B4B69009018D2 /* ViewController.m */ = {isa = PBXFileReference; lastKnownFileType = sourcecode.c.objc; path = ViewController.m; sourceTree = "<group>"; };
		02BD14CD286B4B69009018D2 /* Base */ = {isa = PBXFileReference; lastKnownFileType = file.storyboard; name = Base; path = Base.lproj/Main.storyboard; sourceTree = "<group>"; };
		02BD14CF286B4B6A009018D2 /* Assets.xcassets */ = {isa = PBXFileReference; lastKnownFileType = folder.assetcatalog; path = Assets.xcassets; sourceTree = "<group>"; };
		02BD14D2286B4B6B009018D2 /* Base */ = {isa = PBXFileReference; lastKnownFileType = file.storyboard; name = Base; path = Base.lproj/LaunchScreen.storyboard; sourceTree = "<group>"; };
		02BD14D4286B4B6B009018D2 /* Info.plist */ = {isa = PBXFileReference; lastKnownFileType = text.plist.xml; path = Info.plist; sourceTree = "<group>"; };
		02BD14D5286B4B6B009018D2 /* main.m */ = {isa = PBXFileReference; lastKnownFileType = sourcecode.c.objc; path = main.m; sourceTree = "<group>"; };
		02BD14DF286B7BF1009018D2 /* Brewery.h */ = {isa = PBXFileReference; lastKnownFileType = sourcecode.c.h; path = Brewery.h; sourceTree = "<group>"; };
		02BD14E0286B7BF1009018D2 /* Brewery.m */ = {isa = PBXFileReference; lastKnownFileType = sourcecode.c.objc; path = Brewery.m; sourceTree = "<group>"; };
/* End PBXFileReference section */

/* Begin PBXFrameworksBuildPhase section */
		02BD14BD286B4B69009018D2 /* Frameworks */ = {
			isa = PBXFrameworksBuildPhase;
			buildActionMask = 2147483647;
			files = (
			);
			runOnlyForDeploymentPostprocessing = 0;
		};
/* End PBXFrameworksBuildPhase section */

/* Begin PBXGroup section */
		02BD14B7286B4B69009018D2 = {
			isa = PBXGroup;
			children = (
				02BD14C2286B4B69009018D2 /* BrewTew */,
				02BD14C1286B4B69009018D2 /* Products */,
			);
			sourceTree = "<group>";
		};
		02BD14C1286B4B69009018D2 /* Products */ = {
			isa = PBXGroup;
			children = (
				02BD14C0286B4B69009018D2 /* BrewTew.app */,
			);
			name = Products;
			sourceTree = "<group>";
		};
		02BD14C2286B4B69009018D2 /* BrewTew */ = {
			isa = PBXGroup;
			children = (
				02BD14C3286B4B69009018D2 /* AppDelegate.h */,
				02BD14C4286B4B69009018D2 /* AppDelegate.m */,
				02BD14C6286B4B69009018D2 /* SceneDelegate.h */,
				02BD14C7286B4B69009018D2 /* SceneDelegate.m */,
				02BD14C9286B4B69009018D2 /* ViewController.h */,
				02BD14CA286B4B69009018D2 /* ViewController.m */,
				02BD14CC286B4B69009018D2 /* Main.storyboard */,
				02BD14CF286B4B6A009018D2 /* Assets.xcassets */,
				02BD14D1286B4B6B009018D2 /* LaunchScreen.storyboard */,
				02BD14D4286B4B6B009018D2 /* Info.plist */,
				02BD14D5286B4B6B009018D2 /* main.m */,
				02BD14DF286B7BF1009018D2 /* Brewery.h */,
				02BD14E0286B7BF1009018D2 /* Brewery.m */,
			);
			path = BrewTew;
			sourceTree = "<group>";
		};
/* End PBXGroup section */

/* Begin PBXNativeTarget section */
		02BD14BF286B4B69009018D2 /* BrewTew */ = {
			isa = PBXNativeTarget;
			buildConfigurationList = 02BD14D9286B4B6B009018D2 /* Build configuration list for PBXNativeTarget "BrewTew" */;
			buildPhases = (
				02BD14BC286B4B69009018D2 /* Sources */,
				02BD14BD286B4B69009018D2 /* Frameworks */,
				02BD14BE286B4B69009018D2 /* Resources */,
			);
			buildRules = (
			);
			dependencies = (
			);
			name = BrewTew;
			productName = BrewTew;
			productReference = 02BD14C0286B4B69009018D2 /* BrewTew.app */;
			productType = "com.apple.product-type.application";
		};
/* End PBXNativeTarget section */

/* Begin PBXProject section */
		02BD14B8286B4B69009018D2 /* Project object */ = {
			isa = PBXProject;
			attributes = {
				BuildIndependentTargetsInParallel = 1;
				LastUpgradeCheck = 1340;
				TargetAttributes = {
					02BD14BF286B4B69009018D2 = {
						CreatedOnToolsVersion = 13.4.1;
					};
				};
			};
			buildConfigurationList = 02BD14BB286B4B69009018D2 /* Build configuration list for PBXProject "BrewTew" */;
			compatibilityVersion = "Xcode 13.0";
			developmentRegion = en;
			hasScannedForEncodings = 0;
			knownRegions = (
				en,
				Base,
			);
			mainGroup = 02BD14B7286B4B69009018D2;
			productRefGroup = 02BD14C1286B4B69009018D2 /* Products */;
			projectDirPath = "";
			projectRoot = "";
			targets = (
				02BD14BF286B4B69009018D2 /* BrewTew */,
			);
		};
/* End PBXProject section */

/* Begin PBXResourcesBuildPhase section */
		02BD14BE286B4B69009018D2 /* Resources */ = {
			isa = PBXResourcesBuildPhase;
			buildActionMask = 2147483647;
			files = (
				02BD14D3286B4B6B009018D2 /* LaunchScreen.storyboard in Resources */,
				02BD14D0286B4B6A009018D2 /* Assets.xcassets in Resources */,
				02BD14CE286B4B69009018D2 /* Main.storyboard in Resources */,
			);
			runOnlyForDeploymentPostprocessing = 0;
		};
/* End PBXResourcesBuildPhase section */

/* Begin PBXSourcesBuildPhase section */
		02BD14BC286B4B69009018D2 /* Sources */ = {
			isa = PBXSourcesBuildPhase;
			buildActionMask = 2147483647;
			files = (
				02BD14E1286B7BF1009018D2 /* Brewery.m in Sources */,
				02BD14CB286B4B69009018D2 /* ViewController.m in Sources */,
				02BD14C5286B4B69009018D2 /* AppDelegate.m in Sources */,
				02BD14D6286B4B6B009018D2 /* main.m in Sources */,
				02BD14C8286B4B69009018D2 /* SceneDelegate.m in Sources */,
			);
			runOnlyForDeploymentPostprocessing = 0;
		};
/* End PBXSourcesBuildPhase section */

/* Begin PBXVariantGroup section */
		02BD14CC286B4B69009018D2 /* Main.storyboard */ = {
			isa = PBXVariantGroup;
			children = (
				02BD14CD286B4B69009018D2 /* Base */,
			);
			name = Main.storyboard;
			sourceTree = "<group>";
		};
		02BD14D1286B4B6B009018D2 /* LaunchScreen.storyboard */ = {
			isa = PBXVariantGroup;
			children = (
				02BD14D2286B4B6B009018D2 /* Base */,
			);
			name = LaunchScreen.storyboard;
			sourceTree = "<group>";
		};
/* End PBXVariantGroup section */

/* Begin XCBuildConfiguration section */
		02BD14D7286B4B6B009018D2 /* Debug */ = {
			isa = XCBuildConfiguration;
			buildSettings = {
				ALWAYS_SEARCH_USER_PATHS = NO;
				CLANG_ANALYZER_NONNULL = YES;
				CLANG_ANALYZER_NUMBER_OBJECT_CONVERSION = YES_AGGRESSIVE;
				CLANG_CXX_LANGUAGE_STANDARD = "gnu++17";
				CLANG_ENABLE_MODULES = YES;
				CLANG_ENABLE_OBJC_ARC = YES;
				CLANG_ENABLE_OBJC_WEAK = YES;
				CLANG_WARN_BLOCK_CAPTURE_AUTORELEASING = YES;
				CLANG_WARN_BOOL_CONVERSION = YES;
				CLANG_WARN_COMMA = YES;
				CLANG_WARN_CONSTANT_CONVERSION = YES;
				CLANG_WARN_DEPRECATED_OBJC_IMPLEMENTATIONS = YES;
				CLANG_WARN_DIRECT_OBJC_ISA_USAGE = YES_ERROR;
				CLANG_WARN_DOCUMENTATION_COMMENTS = YES;
				CLANG_WARN_EMPTY_BODY = YES;
				CLANG_WARN_ENUM_CONVERSION = YES;
				CLANG_WARN_INFINITE_RECURSION = YES;
				CLANG_WARN_INT_CONVERSION = YES;
				CLANG_WARN_NON_LITERAL_NULL_CONVERSION = YES;
				CLANG_WARN_OBJC_IMPLICIT_RETAIN_SELF = YES;
				CLANG_WARN_OBJC_LITERAL_CONVERSION = YES;
				CLANG_WARN_OBJC_ROOT_CLASS = YES_ERROR;
				CLANG_WARN_QUOTED_INCLUDE_IN_FRAMEWORK_HEADER = YES;
				CLANG_WARN_RANGE_LOOP_ANALYSIS = YES;
				CLANG_WARN_STRICT_PROTOTYPES = YES;
				CLANG_WARN_SUSPICIOUS_MOVE = YES;
				CLANG_WARN_UNGUARDED_AVAILABILITY = YES_AGGRESSIVE;
				CLANG_WARN_UNREACHABLE_CODE = YES;
				CLANG_WARN__DUPLICATE_METHOD_MATCH = YES;
				COPY_PHASE_STRIP = NO;
				DEBUG_INFORMATION_FORMAT = dwarf;
				ENABLE_STRICT_OBJC_MSGSEND = YES;
				ENABLE_TESTABILITY = YES;
				GCC_C_LANGUAGE_STANDARD = gnu11;
				GCC_DYNAMIC_NO_PIC = NO;
				GCC_NO_COMMON_BLOCKS = YES;
				GCC_OPTIMIZATION_LEVEL = 0;
				GCC_PREPROCESSOR_DEFINITIONS = (
					"DEBUG=1",
					"$(inherited)",
				);
				GCC_WARN_64_TO_32_BIT_CONVERSION = YES;
				GCC_WARN_ABOUT_RETURN_TYPE = YES_ERROR;
				GCC_WARN_UNDECLARED_SELECTOR = YES;
				GCC_WARN_UNINITIALIZED_AUTOS = YES_AGGRESSIVE;
				GCC_WARN_UNUSED_FUNCTION = YES;
				GCC_WARN_UNUSED_VARIABLE = YES;
				IPHONEOS_DEPLOYMENT_TARGET = 15.5;
				MTL_ENABLE_DEBUG_INFO = INCLUDE_SOURCE;
				MTL_FAST_MATH = YES;
				ONLY_ACTIVE_ARCH = YES;
				SDKROOT = iphoneos;
			};
			name = Debug;
		};
		02BD14D8286B4B6B009018D2 /* Release */ = {
			isa = XCBuildConfiguration;
			buildSettings = {
				ALWAYS_SEARCH_USER_PATHS = NO;
				CLANG_ANALYZER_NONNULL = YES;
				CLANG_ANALYZER_NUMBER_OBJECT_CONVERSION = YES_AGGRESSIVE;
				CLANG_CXX_LANGUAGE_STANDARD = "gnu++17";
				CLANG_ENABLE_MODULES = YES;
				CLANG_ENABLE_OBJC_ARC = YES;
				CLANG_ENABLE_OBJC_WEAK = YES;
				CLANG_WARN_BLOCK_CAPTURE_AUTORELEASING = YES;
				CLANG_WARN_BOOL_CONVERSION = YES;
				CLANG_WARN_COMMA = YES;
				CLANG_WARN_CONSTANT_CONVERSION = YES;
				CLANG_WARN_DEPRECATED_OBJC_IMPLEMENTATIONS = YES;
				CLANG_WARN_DIRECT_OBJC_ISA_USAGE = YES_ERROR;
				CLANG_WARN_DOCUMENTATION_COMMENTS = YES;
				CLANG_WARN_EMPTY_BODY = YES;
				CLANG_WARN_ENUM_CONVERSION = YES;
				CLANG_WARN_INFINITE_RECURSION = YES;
				CLANG_WARN_INT_CONVERSION = YES;
				CLANG_WARN_NON_LITERAL_NULL_CONVERSION = YES;
				CLANG_WARN_OBJC_IMPLICIT_RETAIN_SELF = YES;
				CLANG_WARN_OBJC_LITERAL_CONVERSION = YES;
				CLANG_WARN_OBJC_ROOT_CLASS = YES_ERROR;
				CLANG_WARN_QUOTED_INCLUDE_IN_FRAMEWORK_HEADER = YES;
				CLANG_WARN_RANGE_LOOP_ANALYSIS = YES;
				CLANG_WARN_STRICT_PROTOTYPES = YES;
				CLANG_WARN_SUSPICIOUS_MOVE = YES;
				CLANG_WARN_UNGUARDED_AVAILABILITY = YES_AGGRESSIVE;
				CLANG_WARN_UNREACHABLE_CODE = YES;
				CLANG_WARN__DUPLICATE_METHOD_MATCH = YES;
				COPY_PHASE_STRIP = NO;
				DEBUG_INFORMATION_FORMAT = "dwarf-with-dsym";
				ENABLE_NS_ASSERTIONS = NO;
				ENABLE_STRICT_OBJC_MSGSEND = YES;
				GCC_C_LANGUAGE_STANDARD = gnu11;
				GCC_NO_COMMON_BLOCKS = YES;
				GCC_WARN_64_TO_32_BIT_CONVERSION = YES;
				GCC_WARN_ABOUT_RETURN_TYPE = YES_ERROR;
				GCC_WARN_UNDECLARED_SELECTOR = YES;
				GCC_WARN_UNINITIALIZED_AUTOS = YES_AGGRESSIVE;
				GCC_WARN_UNUSED_FUNCTION = YES;
				GCC_WARN_UNUSED_VARIABLE = YES;
				IPHONEOS_DEPLOYMENT_TARGET = 15.5;
				MTL_ENABLE_DEBUG_INFO = NO;
				MTL_FAST_MATH = YES;
				SDKROOT = iphoneos;
				VALIDATE_PRODUCT = YES;
			};
			name = Release;
		};
		02BD14DA286B4B6B009018D2 /* Debug */ = {
			isa = XCBuildConfiguration;
			buildSettings = {
				ASSETCATALOG_COMPILER_APPICON_NAME = AppIcon;
				ASSETCATALOG_COMPILER_GLOBAL_ACCENT_COLOR_NAME = AccentColor;
				CODE_SIGN_STYLE = Automatic;
				CURRENT_PROJECT_VERSION = 1;
				DEVELOPMENT_TEAM = 8D2KHY3885;
				GENERATE_INFOPLIST_FILE = YES;
				INFOPLIST_FILE = BrewTew/Info.plist;
				INFOPLIST_KEY_UIApplicationSupportsIndirectInputEvents = YES;
				INFOPLIST_KEY_UILaunchStoryboardName = LaunchScreen;
				INFOPLIST_KEY_UIMainStoryboardFile = Main;
				INFOPLIST_KEY_UISupportedInterfaceOrientations_iPad = "UIInterfaceOrientationPortrait UIInterfaceOrientationPortraitUpsideDown UIInterfaceOrientationLandscapeLeft UIInterfaceOrientationLandscapeRight";
				INFOPLIST_KEY_UISupportedInterfaceOrientations_iPhone = "UIInterfaceOrientationPortrait UIInterfaceOrientationLandscapeLeft UIInterfaceOrientationLandscapeRight";
				LD_RUNPATH_SEARCH_PATHS = (
					"$(inherited)",
					"@executable_path/Frameworks",
				);
				MARKETING_VERSION = 1.0;
				PRODUCT_BUNDLE_IDENTIFIER = com.jcervantes.BrewTew;
				PRODUCT_NAME = "$(TARGET_NAME)";
				SWIFT_EMIT_LOC_STRINGS = YES;
				TARGETED_DEVICE_FAMILY = "1,2";
			};
			name = Debug;
		};
		02BD14DB286B4B6B009018D2 /* Release */ = {
			isa = XCBuildConfiguration;
			buildSettings = {
				ASSETCATALOG_COMPILER_APPICON_NAME = AppIcon;
				ASSETCATALOG_COMPILER_GLOBAL_ACCENT_COLOR_NAME = AccentColor;
				CODE_SIGN_STYLE = Automatic;
				CURRENT_PROJECT_VERSION = 1;
				DEVELOPMENT_TEAM = 8D2KHY3885;
				GENERATE_INFOPLIST_FILE = YES;
				INFOPLIST_FILE = BrewTew/Info.plist;
				INFOPLIST_KEY_UIApplicationSupportsIndirectInputEvents = YES;
				INFOPLIST_KEY_UILaunchStoryboardName = LaunchScreen;
				INFOPLIST_KEY_UIMainStoryboardFile = Main;
				INFOPLIST_KEY_UISupportedInterfaceOrientations_iPad = "UIInterfaceOrientationPortrait UIInterfaceOrientationPortraitUpsideDown UIInterfaceOrientationLandscapeLeft UIInterfaceOrientationLandscapeRight";
				INFOPLIST_KEY_UISupportedInterfaceOrientations_iPhone = "UIInterfaceOrientationPortrait UIInterfaceOrientationLandscapeLeft UIInterfaceOrientationLandscapeRight";
				LD_RUNPATH_SEARCH_PATHS = (
					"$(inherited)",
					"@executable_path/Frameworks",
				);
				MARKETING_VERSION = 1.0;
				PRODUCT_BUNDLE_IDENTIFIER = com.jcervantes.BrewTew;
				PRODUCT_NAME = "$(TARGET_NAME)";
				SWIFT_EMIT_LOC_STRINGS = YES;
				TARGETED_DEVICE_FAMILY = "1,2";
			};
			name = Release;
		};
/* End XCBuildConfiguration section */

/* Begin XCConfigurationList section */
		02BD14BB286B4B69009018D2 /* Build configuration list for PBXProject "BrewTew" */ = {
			isa = XCConfigurationList;
			buildConfigurations = (
				02BD14D7286B4B6B009018D2 /* Debug */,
				02BD14D8286B4B6B009018D2 /* Release */,
			);
			defaultConfigurationIsVisible = 0;
			defaultConfigurationName = Release;
		};
		02BD14D9286B4B6B009018D2 /* Build configuration list for PBXNativeTarget "BrewTew" */ = {
			isa = XCConfigurationList;
			buildConfigurations = (
				02BD14DA286B4B6B009018D2 /* Debug */,
				02BD14DB286B4B6B009018D2 /* Release */,
			);
			defaultConfigurationIsVisible = 0;
			defaultConfigurationName = Release;
		};
/* End XCConfigurationList section */
	};
	rootObject = 02BD14B8286B4B69009018D2 /* Project object */;
}
